// !$*UTF8*$!
{
	archiveVersion = 1;
	classes = {
	};
	objectVersion = 55;
	objects = {

/* Begin PBXBuildFile section */
		7C6AA80C28700C00000E1855 /* CryptoAppApp.swift in Sources */ = {isa = PBXBuildFile; fileRef = 7C6AA80B28700C00000E1855 /* CryptoAppApp.swift */; };
		7C6AA80E28700C00000E1855 /* ContentView.swift in Sources */ = {isa = PBXBuildFile; fileRef = 7C6AA80D28700C00000E1855 /* ContentView.swift */; };
		7C6AA81028700C02000E1855 /* Assets.xcassets in Resources */ = {isa = PBXBuildFile; fileRef = 7C6AA80F28700C02000E1855 /* Assets.xcassets */; };
		7C6AA81328700C02000E1855 /* Preview Assets.xcassets in Resources */ = {isa = PBXBuildFile; fileRef = 7C6AA81228700C02000E1855 /* Preview Assets.xcassets */; };
		7C6AA81D28700C02000E1855 /* CryptoAppTests.swift in Sources */ = {isa = PBXBuildFile; fileRef = 7C6AA81C28700C02000E1855 /* CryptoAppTests.swift */; };
		7C6AA82728700C02000E1855 /* CryptoAppUITests.swift in Sources */ = {isa = PBXBuildFile; fileRef = 7C6AA82628700C02000E1855 /* CryptoAppUITests.swift */; };
		7C6AA82928700C02000E1855 /* CryptoAppUITestsLaunchTests.swift in Sources */ = {isa = PBXBuildFile; fileRef = 7C6AA82828700C02000E1855 /* CryptoAppUITestsLaunchTests.swift */; };
		7C6AA83928700C38000E1855 /* CryptoModel.swift in Sources */ = {isa = PBXBuildFile; fileRef = 7C6AA83828700C38000E1855 /* CryptoModel.swift */; };
		7C6AA83B28700C54000E1855 /* Home.swift in Sources */ = {isa = PBXBuildFile; fileRef = 7C6AA83A28700C54000E1855 /* Home.swift */; };
		7C6AA83D28701BDC000E1855 /* LineGraph.swift in Sources */ = {isa = PBXBuildFile; fileRef = 7C6AA83C28701BDC000E1855 /* LineGraph.swift */; };
		7CF8416C287051DD003FE8A9 /* AppViewModel.swift in Sources */ = {isa = PBXBuildFile; fileRef = 7CF8416B287051DD003FE8A9 /* AppViewModel.swift */; };
		7CF8416F287060CB003FE8A9 /* SDWebImageSwiftUI in Frameworks */ = {isa = PBXBuildFile; productRef = 7CF8416E287060CB003FE8A9 /* SDWebImageSwiftUI */; };
/* End PBXBuildFile section */

/* Begin PBXContainerItemProxy section */
		7C6AA81928700C02000E1855 /* PBXContainerItemProxy */ = {
			isa = PBXContainerItemProxy;
			containerPortal = 7C6AA80028700C00000E1855 /* Project object */;
			proxyType = 1;
			remoteGlobalIDString = 7C6AA80728700C00000E1855;
			remoteInfo = CryptoApp;
		};
		7C6AA82328700C02000E1855 /* PBXContainerItemProxy */ = {
			isa = PBXContainerItemProxy;
			containerPortal = 7C6AA80028700C00000E1855 /* Project object */;
			proxyType = 1;
			remoteGlobalIDString = 7C6AA80728700C00000E1855;
			remoteInfo = CryptoApp;
		};
/* End PBXContainerItemProxy section */

/* Begin PBXFileReference section */
		7C6AA80828700C00000E1855 /* CryptoApp.app */ = {isa = PBXFileReference; explicitFileType = wrapper.application; includeInIndex = 0; path = CryptoApp.app; sourceTree = BUILT_PRODUCTS_DIR; };
		7C6AA80B28700C00000E1855 /* CryptoAppApp.swift */ = {isa = PBXFileReference; lastKnownFileType = sourcecode.swift; path = CryptoAppApp.swift; sourceTree = "<group>"; };
		7C6AA80D28700C00000E1855 /* ContentView.swift */ = {isa = PBXFileReference; lastKnownFileType = sourcecode.swift; path = ContentView.swift; sourceTree = "<group>"; };
		7C6AA80F28700C02000E1855 /* Assets.xcassets */ = {isa = PBXFileReference; lastKnownFileType = folder.assetcatalog; path = Assets.xcassets; sourceTree = "<group>"; };
		7C6AA81228700C02000E1855 /* Preview Assets.xcassets */ = {isa = PBXFileReference; lastKnownFileType = folder.assetcatalog; path = "Preview Assets.xcassets"; sourceTree = "<group>"; };
		7C6AA81828700C02000E1855 /* CryptoAppTests.xctest */ = {isa = PBXFileReference; explicitFileType = wrapper.cfbundle; includeInIndex = 0; path = CryptoAppTests.xctest; sourceTree = BUILT_PRODUCTS_DIR; };
		7C6AA81C28700C02000E1855 /* CryptoAppTests.swift */ = {isa = PBXFileReference; lastKnownFileType = sourcecode.swift; path = CryptoAppTests.swift; sourceTree = "<group>"; };
		7C6AA82228700C02000E1855 /* CryptoAppUITests.xctest */ = {isa = PBXFileReference; explicitFileType = wrapper.cfbundle; includeInIndex = 0; path = CryptoAppUITests.xctest; sourceTree = BUILT_PRODUCTS_DIR; };
		7C6AA82628700C02000E1855 /* CryptoAppUITests.swift */ = {isa = PBXFileReference; lastKnownFileType = sourcecode.swift; path = CryptoAppUITests.swift; sourceTree = "<group>"; };
		7C6AA82828700C02000E1855 /* CryptoAppUITestsLaunchTests.swift */ = {isa = PBXFileReference; lastKnownFileType = sourcecode.swift; path = CryptoAppUITestsLaunchTests.swift; sourceTree = "<group>"; };
		7C6AA83828700C38000E1855 /* CryptoModel.swift */ = {isa = PBXFileReference; fileEncoding = 4; lastKnownFileType = sourcecode.swift; path = CryptoModel.swift; sourceTree = "<group>"; };
		7C6AA83A28700C54000E1855 /* Home.swift */ = {isa = PBXFileReference; fileEncoding = 4; lastKnownFileType = sourcecode.swift; path = Home.swift; sourceTree = "<group>"; };
		7C6AA83C28701BDC000E1855 /* LineGraph.swift */ = {isa = PBXFileReference; fileEncoding = 4; lastKnownFileType = sourcecode.swift; path = LineGraph.swift; sourceTree = "<group>"; };
		7CF8416B287051DD003FE8A9 /* AppViewModel.swift */ = {isa = PBXFileReference; lastKnownFileType = sourcecode.swift; path = AppViewModel.swift; sourceTree = "<group>"; };
/* End PBXFileReference section */

/* Begin PBXFrameworksBuildPhase section */
		7C6AA80528700C00000E1855 /* Frameworks */ = {
			isa = PBXFrameworksBuildPhase;
			buildActionMask = 2147483647;
			files = (
				7CF8416F287060CB003FE8A9 /* SDWebImageSwiftUI in Frameworks */,
			);
			runOnlyForDeploymentPostprocessing = 0;
		};
		7C6AA81528700C02000E1855 /* Frameworks */ = {
			isa = PBXFrameworksBuildPhase;
			buildActionMask = 2147483647;
			files = (
			);
			runOnlyForDeploymentPostprocessing = 0;
		};
		7C6AA81F28700C02000E1855 /* Frameworks */ = {
			isa = PBXFrameworksBuildPhase;
			buildActionMask = 2147483647;
			files = (
			);
			runOnlyForDeploymentPostprocessing = 0;
		};
/* End PBXFrameworksBuildPhase section */

/* Begin PBXGroup section */
		7C6AA7FF28700C00000E1855 = {
			isa = PBXGroup;
			children = (
				7C6AA80A28700C00000E1855 /* CryptoApp */,
				7C6AA81B28700C02000E1855 /* CryptoAppTests */,
				7C6AA82528700C02000E1855 /* CryptoAppUITests */,
				7C6AA80928700C00000E1855 /* Products */,
			);
			sourceTree = "<group>";
		};
		7C6AA80928700C00000E1855 /* Products */ = {
			isa = PBXGroup;
			children = (
				7C6AA80828700C00000E1855 /* CryptoApp.app */,
				7C6AA81828700C02000E1855 /* CryptoAppTests.xctest */,
				7C6AA82228700C02000E1855 /* CryptoAppUITests.xctest */,
			);
			name = Products;
			sourceTree = "<group>";
		};
		7C6AA80A28700C00000E1855 /* CryptoApp */ = {
			isa = PBXGroup;
			children = (
				7C6AA83728700C17000E1855 /* ViewModel */,
				7C6AA83628700C14000E1855 /* Model */,
				7C6AA83528700C10000E1855 /* View */,
				7C6AA80B28700C00000E1855 /* CryptoAppApp.swift */,
				7C6AA80D28700C00000E1855 /* ContentView.swift */,
				7C6AA80F28700C02000E1855 /* Assets.xcassets */,
				7C6AA81128700C02000E1855 /* Preview Content */,
			);
			path = CryptoApp;
			sourceTree = "<group>";
		};
		7C6AA81128700C02000E1855 /* Preview Content */ = {
			isa = PBXGroup;
			children = (
				7C6AA81228700C02000E1855 /* Preview Assets.xcassets */,
			);
			path = "Preview Content";
			sourceTree = "<group>";
		};
		7C6AA81B28700C02000E1855 /* CryptoAppTests */ = {
			isa = PBXGroup;
			children = (
				7C6AA81C28700C02000E1855 /* CryptoAppTests.swift */,
			);
			path = CryptoAppTests;
			sourceTree = "<group>";
		};
		7C6AA82528700C02000E1855 /* CryptoAppUITests */ = {
			isa = PBXGroup;
			children = (
				7C6AA82628700C02000E1855 /* CryptoAppUITests.swift */,
				7C6AA82828700C02000E1855 /* CryptoAppUITestsLaunchTests.swift */,
			);
			path = CryptoAppUITests;
			sourceTree = "<group>";
		};
		7C6AA83528700C10000E1855 /* View */ = {
			isa = PBXGroup;
			children = (
				7C6AA83C28701BDC000E1855 /* LineGraph.swift */,
				7C6AA83A28700C54000E1855 /* Home.swift */,
			);
			path = View;
			sourceTree = "<group>";
		};
		7C6AA83628700C14000E1855 /* Model */ = {
			isa = PBXGroup;
			children = (
				7C6AA83828700C38000E1855 /* CryptoModel.swift */,
			);
			path = Model;
			sourceTree = "<group>";
		};
		7C6AA83728700C17000E1855 /* ViewModel */ = {
			isa = PBXGroup;
			children = (
				7CF8416B287051DD003FE8A9 /* AppViewModel.swift */,
			);
			path = ViewModel;
			sourceTree = "<group>";
		};
/* End PBXGroup section */

/* Begin PBXNativeTarget section */
		7C6AA80728700C00000E1855 /* CryptoApp */ = {
			isa = PBXNativeTarget;
			buildConfigurationList = 7C6AA82C28700C02000E1855 /* Build configuration list for PBXNativeTarget "CryptoApp" */;
			buildPhases = (
				7C6AA80428700C00000E1855 /* Sources */,
				7C6AA80528700C00000E1855 /* Frameworks */,
				7C6AA80628700C00000E1855 /* Resources */,
			);
			buildRules = (
			);
			dependencies = (
			);
			name = CryptoApp;
			packageProductDependencies = (
				7CF8416E287060CB003FE8A9 /* SDWebImageSwiftUI */,
			);
			productName = CryptoApp;
			productReference = 7C6AA80828700C00000E1855 /* CryptoApp.app */;
			productType = "com.apple.product-type.application";
		};
		7C6AA81728700C02000E1855 /* CryptoAppTests */ = {
			isa = PBXNativeTarget;
			buildConfigurationList = 7C6AA82F28700C02000E1855 /* Build configuration list for PBXNativeTarget "CryptoAppTests" */;
			buildPhases = (
				7C6AA81428700C02000E1855 /* Sources */,
				7C6AA81528700C02000E1855 /* Frameworks */,
				7C6AA81628700C02000E1855 /* Resources */,
			);
			buildRules = (
			);
			dependencies = (
				7C6AA81A28700C02000E1855 /* PBXTargetDependency */,
			);
			name = CryptoAppTests;
			productName = CryptoAppTests;
			productReference = 7C6AA81828700C02000E1855 /* CryptoAppTests.xctest */;
			productType = "com.apple.product-type.bundle.unit-test";
		};
		7C6AA82128700C02000E1855 /* CryptoAppUITests */ = {
			isa = PBXNativeTarget;
			buildConfigurationList = 7C6AA83228700C02000E1855 /* Build configuration list for PBXNativeTarget "CryptoAppUITests" */;
			buildPhases = (
				7C6AA81E28700C02000E1855 /* Sources */,
				7C6AA81F28700C02000E1855 /* Frameworks */,
				7C6AA82028700C02000E1855 /* Resources */,
			);
			buildRules = (
			);
			dependencies = (
				7C6AA82428700C02000E1855 /* PBXTargetDependency */,
			);
			name = CryptoAppUITests;
			productName = CryptoAppUITests;
			productReference = 7C6AA82228700C02000E1855 /* CryptoAppUITests.xctest */;
			productType = "com.apple.product-type.bundle.ui-testing";
		};
/* End PBXNativeTarget section */

/* Begin PBXProject section */
		7C6AA80028700C00000E1855 /* Project object */ = {
			isa = PBXProject;
			attributes = {
				BuildIndependentTargetsInParallel = 1;
				LastSwiftUpdateCheck = 1340;
				LastUpgradeCheck = 1340;
				TargetAttributes = {
					7C6AA80728700C00000E1855 = {
						CreatedOnToolsVersion = 13.4.1;
					};
					7C6AA81728700C02000E1855 = {
						CreatedOnToolsVersion = 13.4.1;
						TestTargetID = 7C6AA80728700C00000E1855;
					};
					7C6AA82128700C02000E1855 = {
						CreatedOnToolsVersion = 13.4.1;
						TestTargetID = 7C6AA80728700C00000E1855;
					};
				};
			};
			buildConfigurationList = 7C6AA80328700C00000E1855 /* Build configuration list for PBXProject "CryptoApp" */;
			compatibilityVersion = "Xcode 13.0";
			developmentRegion = en;
			hasScannedForEncodings = 0;
			knownRegions = (
				en,
				Base,
			);
			mainGroup = 7C6AA7FF28700C00000E1855;
			packageReferences = (
				7CF8416D287060CB003FE8A9 /* XCRemoteSwiftPackageReference "SDWebImageSwiftUI" */,
			);
			productRefGroup = 7C6AA80928700C00000E1855 /* Products */;
			projectDirPath = "";
			projectRoot = "";
			targets = (
				7C6AA80728700C00000E1855 /* CryptoApp */,
				7C6AA81728700C02000E1855 /* CryptoAppTests */,
				7C6AA82128700C02000E1855 /* CryptoAppUITests */,
			);
		};
/* End PBXProject section */

/* Begin PBXResourcesBuildPhase section */
		7C6AA80628700C00000E1855 /* Resources */ = {
			isa = PBXResourcesBuildPhase;
			buildActionMask = 2147483647;
			files = (
				7C6AA81328700C02000E1855 /* Preview Assets.xcassets in Resources */,
				7C6AA81028700C02000E1855 /* Assets.xcassets in Resources */,
			);
			runOnlyForDeploymentPostprocessing = 0;
		};
		7C6AA81628700C02000E1855 /* Resources */ = {
			isa = PBXResourcesBuildPhase;
			buildActionMask = 2147483647;
			files = (
			);
			runOnlyForDeploymentPostprocessing = 0;
		};
		7C6AA82028700C02000E1855 /* Resources */ = {
			isa = PBXResourcesBuildPhase;
			buildActionMask = 2147483647;
			files = (
			);
			runOnlyForDeploymentPostprocessing = 0;
		};
/* End PBXResourcesBuildPhase section */

/* Begin PBXSourcesBuildPhase section */
		7C6AA80428700C00000E1855 /* Sources */ = {
			isa = PBXSourcesBuildPhase;
			buildActionMask = 2147483647;
			files = (
				7C6AA83928700C38000E1855 /* CryptoModel.swift in Sources */,
				7C6AA83D28701BDC000E1855 /* LineGraph.swift in Sources */,
				7CF8416C287051DD003FE8A9 /* AppViewModel.swift in Sources */,
				7C6AA80E28700C00000E1855 /* ContentView.swift in Sources */,
				7C6AA83B28700C54000E1855 /* Home.swift in Sources */,
				7C6AA80C28700C00000E1855 /* CryptoAppApp.swift in Sources */,
			);
			runOnlyForDeploymentPostprocessing = 0;
		};
		7C6AA81428700C02000E1855 /* Sources */ = {
			isa = PBXSourcesBuildPhase;
			buildActionMask = 2147483647;
			files = (
				7C6AA81D28700C02000E1855 /* CryptoAppTests.swift in Sources */,
			);
			runOnlyForDeploymentPostprocessing = 0;
		};
		7C6AA81E28700C02000E1855 /* Sources */ = {
			isa = PBXSourcesBuildPhase;
			buildActionMask = 2147483647;
			files = (
				7C6AA82728700C02000E1855 /* CryptoAppUITests.swift in Sources */,
				7C6AA82928700C02000E1855 /* CryptoAppUITestsLaunchTests.swift in Sources */,
			);
			runOnlyForDeploymentPostprocessing = 0;
		};
/* End PBXSourcesBuildPhase section */

/* Begin PBXTargetDependency section */
		7C6AA81A28700C02000E1855 /* PBXTargetDependency */ = {
			isa = PBXTargetDependency;
			target = 7C6AA80728700C00000E1855 /* CryptoApp */;
			targetProxy = 7C6AA81928700C02000E1855 /* PBXContainerItemProxy */;
		};
		7C6AA82428700C02000E1855 /* PBXTargetDependency */ = {
			isa = PBXTargetDependency;
			target = 7C6AA80728700C00000E1855 /* CryptoApp */;
			targetProxy = 7C6AA82328700C02000E1855 /* PBXContainerItemProxy */;
		};
/* End PBXTargetDependency section */

/* Begin XCBuildConfiguration section */
		7C6AA82A28700C02000E1855 /* Debug */ = {
			isa = XCBuildConfiguration;
			buildSettings = {
				ALWAYS_SEARCH_USER_PATHS = NO;
				CLANG_ANALYZER_NONNULL = YES;
				CLANG_ANALYZER_NUMBER_OBJECT_CONVERSION = YES_AGGRESSIVE;
				CLANG_CXX_LANGUAGE_STANDARD = "gnu++17";
				CLANG_ENABLE_MODULES = YES;
				CLANG_ENABLE_OBJC_ARC = YES;
				CLANG_ENABLE_OBJC_WEAK = YES;
				CLANG_WARN_BLOCK_CAPTURE_AUTORELEASING = YES;
				CLANG_WARN_BOOL_CONVERSION = YES;
				CLANG_WARN_COMMA = YES;
				CLANG_WARN_CONSTANT_CONVERSION = YES;
				CLANG_WARN_DEPRECATED_OBJC_IMPLEMENTATIONS = YES;
				CLANG_WARN_DIRECT_OBJC_ISA_USAGE = YES_ERROR;
				CLANG_WARN_DOCUMENTATION_COMMENTS = YES;
				CLANG_WARN_EMPTY_BODY = YES;
				CLANG_WARN_ENUM_CONVERSION = YES;
				CLANG_WARN_INFINITE_RECURSION = YES;
				CLANG_WARN_INT_CONVERSION = YES;
				CLANG_WARN_NON_LITERAL_NULL_CONVERSION = YES;
				CLANG_WARN_OBJC_IMPLICIT_RETAIN_SELF = YES;
				CLANG_WARN_OBJC_LITERAL_CONVERSION = YES;
				CLANG_WARN_OBJC_ROOT_CLASS = YES_ERROR;
				CLANG_WARN_QUOTED_INCLUDE_IN_FRAMEWORK_HEADER = YES;
				CLANG_WARN_RANGE_LOOP_ANALYSIS = YES;
				CLANG_WARN_STRICT_PROTOTYPES = YES;
				CLANG_WARN_SUSPICIOUS_MOVE = YES;
				CLANG_WARN_UNGUARDED_AVAILABILITY = YES_AGGRESSIVE;
				CLANG_WARN_UNREACHABLE_CODE = YES;
				CLANG_WARN__DUPLICATE_METHOD_MATCH = YES;
				COPY_PHASE_STRIP = NO;
				DEBUG_INFORMATION_FORMAT = dwarf;
				ENABLE_STRICT_OBJC_MSGSEND = YES;
				ENABLE_TESTABILITY = YES;
				GCC_C_LANGUAGE_STANDARD = gnu11;
				GCC_DYNAMIC_NO_PIC = NO;
				GCC_NO_COMMON_BLOCKS = YES;
				GCC_OPTIMIZATION_LEVEL = 0;
				GCC_PREPROCESSOR_DEFINITIONS = (
					"DEBUG=1",
					"$(inherited)",
				);
				GCC_WARN_64_TO_32_BIT_CONVERSION = YES;
				GCC_WARN_ABOUT_RETURN_TYPE = YES_ERROR;
				GCC_WARN_UNDECLARED_SELECTOR = YES;
				GCC_WARN_UNINITIALIZED_AUTOS = YES_AGGRESSIVE;
				GCC_WARN_UNUSED_FUNCTION = YES;
				GCC_WARN_UNUSED_VARIABLE = YES;
				IPHONEOS_DEPLOYMENT_TARGET = 15.5;
				MTL_ENABLE_DEBUG_INFO = INCLUDE_SOURCE;
				MTL_FAST_MATH = YES;
				ONLY_ACTIVE_ARCH = YES;
				SDKROOT = iphoneos;
				SWIFT_ACTIVE_COMPILATION_CONDITIONS = DEBUG;
				SWIFT_OPTIMIZATION_LEVEL = "-Onone";
			};
			name = Debug;
		};
		7C6AA82B28700C02000E1855 /* Release */ = {
			isa = XCBuildConfiguration;
			buildSettings = {
				ALWAYS_SEARCH_USER_PATHS = NO;
				CLANG_ANALYZER_NONNULL = YES;
				CLANG_ANALYZER_NUMBER_OBJECT_CONVERSION = YES_AGGRESSIVE;
				CLANG_CXX_LANGUAGE_STANDARD = "gnu++17";
				CLANG_ENABLE_MODULES = YES;
				CLANG_ENABLE_OBJC_ARC = YES;
				CLANG_ENABLE_OBJC_WEAK = YES;
				CLANG_WARN_BLOCK_CAPTURE_AUTORELEASING = YES;
				CLANG_WARN_BOOL_CONVERSION = YES;
				CLANG_WARN_COMMA = YES;
				CLANG_WARN_CONSTANT_CONVERSION = YES;
				CLANG_WARN_DEPRECATED_OBJC_IMPLEMENTATIONS = YES;
				CLANG_WARN_DIRECT_OBJC_ISA_USAGE = YES_ERROR;
				CLANG_WARN_DOCUMENTATION_COMMENTS = YES;
				CLANG_WARN_EMPTY_BODY = YES;
				CLANG_WARN_ENUM_CONVERSION = YES;
				CLANG_WARN_INFINITE_RECURSION = YES;
				CLANG_WARN_INT_CONVERSION = YES;
				CLANG_WARN_NON_LITERAL_NULL_CONVERSION = YES;
				CLANG_WARN_OBJC_IMPLICIT_RETAIN_SELF = YES;
				CLANG_WARN_OBJC_LITERAL_CONVERSION = YES;
				CLANG_WARN_OBJC_ROOT_CLASS = YES_ERROR;
				CLANG_WARN_QUOTED_INCLUDE_IN_FRAMEWORK_HEADER = YES;
				CLANG_WARN_RANGE_LOOP_ANALYSIS = YES;
				CLANG_WARN_STRICT_PROTOTYPES = YES;
				CLANG_WARN_SUSPICIOUS_MOVE = YES;
				CLANG_WARN_UNGUARDED_AVAILABILITY = YES_AGGRESSIVE;
				CLANG_WARN_UNREACHABLE_CODE = YES;
				CLANG_WARN__DUPLICATE_METHOD_MATCH = YES;
				COPY_PHASE_STRIP = NO;
				DEBUG_INFORMATION_FORMAT = "dwarf-with-dsym";
				ENABLE_NS_ASSERTIONS = NO;
				ENABLE_STRICT_OBJC_MSGSEND = YES;
				GCC_C_LANGUAGE_STANDARD = gnu11;
				GCC_NO_COMMON_BLOCKS = YES;
				GCC_WARN_64_TO_32_BIT_CONVERSION = YES;
				GCC_WARN_ABOUT_RETURN_TYPE = YES_ERROR;
				GCC_WARN_UNDECLARED_SELECTOR = YES;
				GCC_WARN_UNINITIALIZED_AUTOS = YES_AGGRESSIVE;
				GCC_WARN_UNUSED_FUNCTION = YES;
				GCC_WARN_UNUSED_VARIABLE = YES;
				IPHONEOS_DEPLOYMENT_TARGET = 15.5;
				MTL_ENABLE_DEBUG_INFO = NO;
				MTL_FAST_MATH = YES;
				SDKROOT = iphoneos;
				SWIFT_COMPILATION_MODE = wholemodule;
				SWIFT_OPTIMIZATION_LEVEL = "-O";
				VALIDATE_PRODUCT = YES;
			};
			name = Release;
		};
		7C6AA82D28700C02000E1855 /* Debug */ = {
			isa = XCBuildConfiguration;
			buildSettings = {
				ASSETCATALOG_COMPILER_APPICON_NAME = AppIcon;
				ASSETCATALOG_COMPILER_GLOBAL_ACCENT_COLOR_NAME = AccentColor;
				CODE_SIGN_STYLE = Automatic;
				CURRENT_PROJECT_VERSION = 1;
				DEVELOPMENT_ASSET_PATHS = "\"CryptoApp/Preview Content\"";
				ENABLE_PREVIEWS = YES;
				GENERATE_INFOPLIST_FILE = YES;
				INFOPLIST_KEY_UIApplicationSceneManifest_Generation = YES;
				INFOPLIST_KEY_UIApplicationSupportsIndirectInputEvents = YES;
				INFOPLIST_KEY_UILaunchScreen_Generation = YES;
				INFOPLIST_KEY_UISupportedInterfaceOrientations_iPad = "UIInterfaceOrientationPortrait UIInterfaceOrientationPortraitUpsideDown UIInterfaceOrientationLandscapeLeft UIInterfaceOrientationLandscapeRight";
				INFOPLIST_KEY_UISupportedInterfaceOrientations_iPhone = "UIInterfaceOrientationPortrait UIInterfaceOrientationLandscapeLeft UIInterfaceOrientationLandscapeRight";
				LD_RUNPATH_SEARCH_PATHS = (
					"$(inherited)",
					"@executable_path/Frameworks",
				);
				MARKETING_VERSION = 1.0;
				PRODUCT_BUNDLE_IDENTIFIER = "https---icdevelopers.web.app.CryptoApp";
				PRODUCT_NAME = "$(TARGET_NAME)";
				SWIFT_EMIT_LOC_STRINGS = YES;
				SWIFT_VERSION = 5.0;
				TARGETED_DEVICE_FAMILY = "1,2";
			};
			name = Debug;
		};
		7C6AA82E28700C02000E1855 /* Release */ = {
			isa = XCBuildConfiguration;
			buildSettings = {
				ASSETCATALOG_COMPILER_APPICON_NAME = AppIcon;
				ASSETCATALOG_COMPILER_GLOBAL_ACCENT_COLOR_NAME = AccentColor;
				CODE_SIGN_STYLE = Automatic;
				CURRENT_PROJECT_VERSION = 1;
				DEVELOPMENT_ASSET_PATHS = "\"CryptoApp/Preview Content\"";
				ENABLE_PREVIEWS = YES;
				GENERATE_INFOPLIST_FILE = YES;
				INFOPLIST_KEY_UIApplicationSceneManifest_Generation = YES;
				INFOPLIST_KEY_UIApplicationSupportsIndirectInputEvents = YES;
				INFOPLIST_KEY_UILaunchScreen_Generation = YES;
				INFOPLIST_KEY_UISupportedInterfaceOrientations_iPad = "UIInterfaceOrientationPortrait UIInterfaceOrientationPortraitUpsideDown UIInterfaceOrientationLandscapeLeft UIInterfaceOrientationLandscapeRight";
				INFOPLIST_KEY_UISupportedInterfaceOrientations_iPhone = "UIInterfaceOrientationPortrait UIInterfaceOrientationLandscapeLeft UIInterfaceOrientationLandscapeRight";
				LD_RUNPATH_SEARCH_PATHS = (
					"$(inherited)",
					"@executable_path/Frameworks",
				);
				MARKETING_VERSION = 1.0;
				PRODUCT_BUNDLE_IDENTIFIER = "https---icdevelopers.web.app.CryptoApp";
				PRODUCT_NAME = "$(TARGET_NAME)";
				SWIFT_EMIT_LOC_STRINGS = YES;
				SWIFT_VERSION = 5.0;
				TARGETED_DEVICE_FAMILY = "1,2";
			};
			name = Release;
		};
		7C6AA83028700C02000E1855 /* Debug */ = {
			isa = XCBuildConfiguration;
			buildSettings = {
				ALWAYS_EMBED_SWIFT_STANDARD_LIBRARIES = YES;
				BUNDLE_LOADER = "$(TEST_HOST)";
				CODE_SIGN_STYLE = Automatic;
				CURRENT_PROJECT_VERSION = 1;
				GENERATE_INFOPLIST_FILE = YES;
				IPHONEOS_DEPLOYMENT_TARGET = 15.5;
				MARKETING_VERSION = 1.0;
				PRODUCT_BUNDLE_IDENTIFIER = "https---icdevelopers.web.app.CryptoAppTests";
				PRODUCT_NAME = "$(TARGET_NAME)";
				SWIFT_EMIT_LOC_STRINGS = NO;
				SWIFT_VERSION = 5.0;
				TARGETED_DEVICE_FAMILY = "1,2";
				TEST_HOST = "$(BUILT_PRODUCTS_DIR)/CryptoApp.app/CryptoApp";
			};
			name = Debug;
		};
		7C6AA83128700C02000E1855 /* Release */ = {
			isa = XCBuildConfiguration;
			buildSettings = {
				ALWAYS_EMBED_SWIFT_STANDARD_LIBRARIES = YES;
				BUNDLE_LOADER = "$(TEST_HOST)";
				CODE_SIGN_STYLE = Automatic;
				CURRENT_PROJECT_VERSION = 1;
				GENERATE_INFOPLIST_FILE = YES;
				IPHONEOS_DEPLOYMENT_TARGET = 15.5;
				MARKETING_VERSION = 1.0;
				PRODUCT_BUNDLE_IDENTIFIER = "https---icdevelopers.web.app.CryptoAppTests";
				PRODUCT_NAME = "$(TARGET_NAME)";
				SWIFT_EMIT_LOC_STRINGS = NO;
				SWIFT_VERSION = 5.0;
				TARGETED_DEVICE_FAMILY = "1,2";
				TEST_HOST = "$(BUILT_PRODUCTS_DIR)/CryptoApp.app/CryptoApp";
			};
			name = Release;
		};
		7C6AA83328700C02000E1855 /* Debug */ = {
			isa = XCBuildConfiguration;
			buildSettings = {
				ALWAYS_EMBED_SWIFT_STANDARD_LIBRARIES = YES;
				CODE_SIGN_STYLE = Automatic;
				CURRENT_PROJECT_VERSION = 1;
				GENERATE_INFOPLIST_FILE = YES;
				MARKETING_VERSION = 1.0;
				PRODUCT_BUNDLE_IDENTIFIER = "https---icdevelopers.web.app.CryptoAppUITests";
				PRODUCT_NAME = "$(TARGET_NAME)";
				SWIFT_EMIT_LOC_STRINGS = NO;
				SWIFT_VERSION = 5.0;
				TARGETED_DEVICE_FAMILY = "1,2";
				TEST_TARGET_NAME = CryptoApp;
			};
			name = Debug;
		};
		7C6AA83428700C02000E1855 /* Release */ = {
			isa = XCBuildConfiguration;
			buildSettings = {
				ALWAYS_EMBED_SWIFT_STANDARD_LIBRARIES = YES;
				CODE_SIGN_STYLE = Automatic;
				CURRENT_PROJECT_VERSION = 1;
				GENERATE_INFOPLIST_FILE = YES;
				MARKETING_VERSION = 1.0;
				PRODUCT_BUNDLE_IDENTIFIER = "https---icdevelopers.web.app.CryptoAppUITests";
				PRODUCT_NAME = "$(TARGET_NAME)";
				SWIFT_EMIT_LOC_STRINGS = NO;
				SWIFT_VERSION = 5.0;
				TARGETED_DEVICE_FAMILY = "1,2";
				TEST_TARGET_NAME = CryptoApp;
			};
			name = Release;
		};
/* End XCBuildConfiguration section */

/* Begin XCConfigurationList section */
		7C6AA80328700C00000E1855 /* Build configuration list for PBXProject "CryptoApp" */ = {
			isa = XCConfigurationList;
			buildConfigurations = (
				7C6AA82A28700C02000E1855 /* Debug */,
				7C6AA82B28700C02000E1855 /* Release */,
			);
			defaultConfigurationIsVisible = 0;
			defaultConfigurationName = Release;
		};
		7C6AA82C28700C02000E1855 /* Build configuration list for PBXNativeTarget "CryptoApp" */ = {
			isa = XCConfigurationList;
			buildConfigurations = (
				7C6AA82D28700C02000E1855 /* Debug */,
				7C6AA82E28700C02000E1855 /* Release */,
			);
			defaultConfigurationIsVisible = 0;
			defaultConfigurationName = Release;
		};
		7C6AA82F28700C02000E1855 /* Build configuration list for PBXNativeTarget "CryptoAppTests" */ = {
			isa = XCConfigurationList;
			buildConfigurations = (
				7C6AA83028700C02000E1855 /* Debug */,
				7C6AA83128700C02000E1855 /* Release */,
			);
			defaultConfigurationIsVisible = 0;
			defaultConfigurationName = Release;
		};
		7C6AA83228700C02000E1855 /* Build configuration list for PBXNativeTarget "CryptoAppUITests" */ = {
			isa = XCConfigurationList;
			buildConfigurations = (
				7C6AA83328700C02000E1855 /* Debug */,
				7C6AA83428700C02000E1855 /* Release */,
			);
			defaultConfigurationIsVisible = 0;
			defaultConfigurationName = Release;
		};
/* End XCConfigurationList section */

/* Begin XCRemoteSwiftPackageReference section */
		7CF8416D287060CB003FE8A9 /* XCRemoteSwiftPackageReference "SDWebImageSwiftUI" */ = {
			isa = XCRemoteSwiftPackageReference;
			repositoryURL = "https://github.com/SDWebImage/SDWebImageSwiftUI";
			requirement = {
				kind = upToNextMajorVersion;
				minimumVersion = 2.0.0;
			};
		};
/* End XCRemoteSwiftPackageReference section */

/* Begin XCSwiftPackageProductDependency section */
		7CF8416E287060CB003FE8A9 /* SDWebImageSwiftUI */ = {
			isa = XCSwiftPackageProductDependency;
			package = 7CF8416D287060CB003FE8A9 /* XCRemoteSwiftPackageReference "SDWebImageSwiftUI" */;
			productName = SDWebImageSwiftUI;
		};
/* End XCSwiftPackageProductDependency section */
	};
	rootObject = 7C6AA80028700C00000E1855 /* Project object */;
}
